
Microsoft Visual Studio Solution File, Format Version 12.00
# Visual Studio Version 16
VisualStudioVersion = 16.0.29519.87
MinimumVisualStudioVersion = 10.0.40219.1
Project("{8BC9CEB8-8B4A-11D0-8D11-00A0C91BC942}") = "Project 13_5", "Project 13_5\Project 13_5.vcxproj", "{165CF5A5-73C2-463C-AC6A-6241796C8FBA}"
EndProject
Global
	GlobalSection(SolutionConfigurationPlatforms) = preSolution
		Debug|x64 = Debug|x64
		Debug|x86 = Debug|x86
		Release|x64 = Release|x64
		Release|x86 = Release|x86
	EndGlobalSection
	GlobalSection(ProjectConfigurationPlatforms) = postSolution
		{165CF5A5-73C2-463C-AC6A-6241796C8FBA}.Debug|x64.ActiveCfg = Debug|x64
		{165CF5A5-73C2-463C-AC6A-6241796C8FBA}.Debug|x64.Build.0 = Debug|x64
		{165CF5A5-73C2-463C-AC6A-6241796C8FBA}.Debug|x86.ActiveCfg = Debug|Win32
		{165CF5A5-73C2-463C-AC6A-6241796C8FBA}.Debug|x86.Build.0 = Debug|Win32
		{165CF5A5-73C2-463C-AC6A-6241796C8FBA}.Release|x64.ActiveCfg = Release|x64
		{165CF5A5-73C2-463C-AC6A-6241796C8FBA}.Release|x64.Build.0 = Release|x64
		{165CF5A5-73C2-463C-AC6A-6241796C8FBA}.Release|x86.ActiveCfg = Release|Win32
		{165CF5A5-73C2-463C-AC6A-6241796C8FBA}.Release|x86.Build.0 = Release|Win32
	EndGlobalSection
	GlobalSection(SolutionProperties) = preSolution
		HideSolutionNode = FALSE
	EndGlobalSection
	GlobalSection(ExtensibilityGlobals) = postSolution
		SolutionGuid = {A44A8362-1A68-4E6F-A31E-D959567899CC}
	EndGlobalSection
EndGlobal
