
Microsoft Visual Studio Solution File, Format Version 12.00
# Visual Studio Version 16
VisualStudioVersion = 16.0.29519.87
MinimumVisualStudioVersion = 10.0.40219.1
Project("{8BC9CEB8-8B4A-11D0-8D11-00A0C91BC942}") = "Project 16_1", "Project 16_1\Project 16_1.vcxproj", "{2FA0F6F4-140C-4021-BB61-6A896997796E}"
EndProject
Global
	GlobalSection(SolutionConfigurationPlatforms) = preSolution
		Debug|x64 = Debug|x64
		Debug|x86 = Debug|x86
		Release|x64 = Release|x64
		Release|x86 = Release|x86
	EndGlobalSection
	GlobalSection(ProjectConfigurationPlatforms) = postSolution
		{2FA0F6F4-140C-4021-BB61-6A896997796E}.Debug|x64.ActiveCfg = Debug|x64
		{2FA0F6F4-140C-4021-BB61-6A896997796E}.Debug|x64.Build.0 = Debug|x64
		{2FA0F6F4-140C-4021-BB61-6A896997796E}.Debug|x86.ActiveCfg = Debug|Win32
		{2FA0F6F4-140C-4021-BB61-6A896997796E}.Debug|x86.Build.0 = Debug|Win32
		{2FA0F6F4-140C-4021-BB61-6A896997796E}.Release|x64.ActiveCfg = Release|x64
		{2FA0F6F4-140C-4021-BB61-6A896997796E}.Release|x64.Build.0 = Release|x64
		{2FA0F6F4-140C-4021-BB61-6A896997796E}.Release|x86.ActiveCfg = Release|Win32
		{2FA0F6F4-140C-4021-BB61-6A896997796E}.Release|x86.Build.0 = Release|Win32
	EndGlobalSection
	GlobalSection(SolutionProperties) = preSolution
		HideSolutionNode = FALSE
	EndGlobalSection
	GlobalSection(ExtensibilityGlobals) = postSolution
		SolutionGuid = {71A59B72-F3B0-47D7-BA17-729B732CB8B2}
	EndGlobalSection
EndGlobal
